PODS:
  - ActiveSQLite (0.5.1):
    - SQLite.swift (= 0.12.0)
  - CocoaLumberjack/Core (3.5.3)
  - CocoaLumberjack/Swift (3.5.3):
    - CocoaLumberjack/Core
  - CryptoSwift (1.0.0)
  - Reed (1.0.0):
    - ActiveSQLite (= 0.5.1)
    - CocoaLumberjack/Swift
    - ZKCommonCrypto
  - SQLite.swift (0.12.0):
    - SQLite.swift/standard (= 0.12.0)
  - SQLite.swift/standard (0.12.0)
  - ZKCommonCrypto (0.1.0)

DEPENDENCIES:
  - ActiveSQLite (from `../../ActiveSQLite`)
  - CryptoSwift
  - Reed (from `../../Reed`)

SPEC REPOS:
  https://github.com/cocoapods/specs.git:
    - CocoaLumberjack
    - CryptoSwift
    - SQLite.swift
    - ZKCommonCrypto

EXTERNAL SOURCES:
  ActiveSQLite:
    :path: "../../ActiveSQLite"
  Reed:
    :path: "../../Reed"

SPEC CHECKSUMS:
  ActiveSQLite: ebea587b79c6018c5cb9cb627e10024f028db27e
  CocoaLumberjack: 2f44e60eb91c176d471fdba43b9e3eae6a721947
  CryptoSwift: d81eeaa59dc5a8d03720fe919a6fd07b51f7439f
  Reed: 08eea25576f5d87b865fa00fdaefdb8ef772460f
  SQLite.swift: 7cad9db150a03716336e69469ec9559c85aece5b
  ZKCommonCrypto: 6e02c63d49024883e01ce7db68632d9824540a11

PODFILE CHECKSUM: 580bbda53d42e51b2e13a8aa1b4c392619fb207e

COCOAPODS: 1.7.5
