PODS:
  - CocoaLumberjack/Core (3.6.2)
  - CocoaLumberjack/Swift (3.6.2):
    - CocoaLumberjack/Core
  - CryptoSwift (1.3.1)
  - GRDB.swift (4.14.0):
    - GRDB.swift/standard (= 4.14.0)
  - GRDB.swift/standard (4.14.0)
  - ReachabilitySwift (5.0.0)
  - Reed (1.2.0):
    - CocoaLumberjack/Swift
    - ReachabilitySwift
    - ZKCommonCrypto
    - ZKORM (= 0.1.0)
  - ZKCommonCrypto (0.1.0)
  - ZKORM (0.1.0):
    - GRDB.swift (= 4.14.0)

DEPENDENCIES:
  - CryptoSwift
  - Reed (from `~/myopensource/ios/Reed`)
  - ZKORM (from `~/myopensource/ios/ZKORM`)

SPEC REPOS:
  trunk:
    - CocoaLumberjack
    - CryptoSwift
    - GRDB.swift
    - ReachabilitySwift
    - ZKCommonCrypto

EXTERNAL SOURCES:
  Reed:
    :path: "~/myopensource/ios/Reed"
  ZKORM:
    :path: "~/myopensource/ios/ZKORM"

SPEC CHECKSUMS:
  CocoaLumberjack: bd155f2dd06c0e0b03f876f7a3ee55693122ec94
  CryptoSwift: f12f037f6d0fcd6d48c96db0071b653de64e6c4d
  GRDB.swift: 8cc3ab7c8b8b4ac1761deb8dca4b51c1c9d429f8
  ReachabilitySwift: 985039c6f7b23a1da463388634119492ff86c825
  Reed: c42d283e7637ddc79def3a59967669ad4325030d
  ZKCommonCrypto: 6e02c63d49024883e01ce7db68632d9824540a11
  ZKORM: aa0b4350d6b076bcc68bdb474a4cb32d21f8daf4

PODFILE CHECKSUM: 8a889220140175306aec2c18ca93dc482458894c

COCOAPODS: 1.9.3
