// !$*UTF8*$!
{
	archiveVersion = 1;
	classes = {
	};
	objectVersion = 48;
	objects = {

/* Begin PBXBuildFile section */
		56040576208DDC6E0059E978 /* DownloadManagerCell.swift in Sources */ = {isa = PBXBuildFile; fileRef = 56040575208DDC6E0059E978 /* DownloadManagerCell.swift */; };
		5643D86B2331E09D00484B47 /* PreDownloadListVC.swift in Sources */ = {isa = PBXBuildFile; fileRef = 5643D86A2331E09D00484B47 /* PreDownloadListVC.swift */; };
		56E10461233100FB006C635C /* DownloadManagerVC.swift in Sources */ = {isa = PBXBuildFile; fileRef = 56E10460233100FB006C635C /* DownloadManagerVC.swift */; };
		56E1046323310235006C635C /* PreDownloadItem.swift in Sources */ = {isa = PBXBuildFile; fileRef = 56E1046223310235006C635C /* PreDownloadItem.swift */; };
		56F664362085959A00EF773C /* AppDelegate.swift in Sources */ = {isa = PBXBuildFile; fileRef = 56F664352085959A00EF773C /* AppDelegate.swift */; };
		56F664382085959A00EF773C /* FirstViewController.swift in Sources */ = {isa = PBXBuildFile; fileRef = 56F664372085959A00EF773C /* FirstViewController.swift */; };
		56F6643D2085959A00EF773C /* Main.storyboard in Resources */ = {isa = PBXBuildFile; fileRef = 56F6643B2085959A00EF773C /* Main.storyboard */; };
		56F6643F2085959A00EF773C /* Assets.xcassets in Resources */ = {isa = PBXBuildFile; fileRef = 56F6643E2085959A00EF773C /* Assets.xcassets */; };
		56F664422085959A00EF773C /* LaunchScreen.storyboard in Resources */ = {isa = PBXBuildFile; fileRef = 56F664402085959A00EF773C /* LaunchScreen.storyboard */; };
		56F6644D2085959A00EF773C /* ExampleTests.swift in Sources */ = {isa = PBXBuildFile; fileRef = 56F6644C2085959A00EF773C /* ExampleTests.swift */; };
		56F664722085A62C00EF773C /* PreDownloadCell.swift in Sources */ = {isa = PBXBuildFile; fileRef = 56F6646F2085A62B00EF773C /* PreDownloadCell.swift */; };
		88D64D7C8C340018BC772FBD /* Pods_Example.framework in Frameworks */ = {isa = PBXBuildFile; fileRef = 44B9B78A215BC8B1C4CD1233 /* Pods_Example.framework */; };
/* End PBXBuildFile section */

/* Begin PBXContainerItemProxy section */
		56F664492085959A00EF773C /* PBXContainerItemProxy */ = {
			isa = PBXContainerItemProxy;
			containerPortal = 56F6642A2085959A00EF773C /* Project object */;
			proxyType = 1;
			remoteGlobalIDString = 56F664312085959A00EF773C;
			remoteInfo = Example;
		};
/* End PBXContainerItemProxy section */

/* Begin PBXFileReference section */
		2236DF41A3BA856869D865AE /* Pods-Example.debug.xcconfig */ = {isa = PBXFileReference; includeInIndex = 1; lastKnownFileType = text.xcconfig; name = "Pods-Example.debug.xcconfig"; path = "Pods/Target Support Files/Pods-Example/Pods-Example.debug.xcconfig"; sourceTree = "<group>"; };
		44B9B78A215BC8B1C4CD1233 /* Pods_Example.framework */ = {isa = PBXFileReference; explicitFileType = wrapper.framework; includeInIndex = 0; path = Pods_Example.framework; sourceTree = BUILT_PRODUCTS_DIR; };
		56040575208DDC6E0059E978 /* DownloadManagerCell.swift */ = {isa = PBXFileReference; lastKnownFileType = sourcecode.swift; path = DownloadManagerCell.swift; sourceTree = "<group>"; };
		5643D86A2331E09D00484B47 /* PreDownloadListVC.swift */ = {isa = PBXFileReference; fileEncoding = 4; lastKnownFileType = sourcecode.swift; path = PreDownloadListVC.swift; sourceTree = "<group>"; };
		569AC8DE2099A028007B9A04 /* Example-Bridging-Header.h */ = {isa = PBXFileReference; lastKnownFileType = sourcecode.c.h; path = "Example-Bridging-Header.h"; sourceTree = "<group>"; };
		56E10460233100FB006C635C /* DownloadManagerVC.swift */ = {isa = PBXFileReference; fileEncoding = 4; lastKnownFileType = sourcecode.swift; path = DownloadManagerVC.swift; sourceTree = "<group>"; };
		56E1046223310235006C635C /* PreDownloadItem.swift */ = {isa = PBXFileReference; fileEncoding = 4; lastKnownFileType = sourcecode.swift; path = PreDownloadItem.swift; sourceTree = "<group>"; };
		56F664322085959A00EF773C /* Example.app */ = {isa = PBXFileReference; explicitFileType = wrapper.application; includeInIndex = 0; path = Example.app; sourceTree = BUILT_PRODUCTS_DIR; };
		56F664352085959A00EF773C /* AppDelegate.swift */ = {isa = PBXFileReference; lastKnownFileType = sourcecode.swift; path = AppDelegate.swift; sourceTree = "<group>"; };
		56F664372085959A00EF773C /* FirstViewController.swift */ = {isa = PBXFileReference; lastKnownFileType = sourcecode.swift; path = FirstViewController.swift; sourceTree = "<group>"; };
		56F6643C2085959A00EF773C /* Base */ = {isa = PBXFileReference; lastKnownFileType = file.storyboard; name = Base; path = Base.lproj/Main.storyboard; sourceTree = "<group>"; };
		56F6643E2085959A00EF773C /* Assets.xcassets */ = {isa = PBXFileReference; lastKnownFileType = folder.assetcatalog; path = Assets.xcassets; sourceTree = "<group>"; };
		56F664412085959A00EF773C /* Base */ = {isa = PBXFileReference; lastKnownFileType = file.storyboard; name = Base; path = Base.lproj/LaunchScreen.storyboard; sourceTree = "<group>"; };
		56F664432085959A00EF773C /* Info.plist */ = {isa = PBXFileReference; lastKnownFileType = text.plist.xml; path = Info.plist; sourceTree = "<group>"; };
		56F664482085959A00EF773C /* ExampleTests.xctest */ = {isa = PBXFileReference; explicitFileType = wrapper.cfbundle; includeInIndex = 0; path = ExampleTests.xctest; sourceTree = BUILT_PRODUCTS_DIR; };
		56F6644C2085959A00EF773C /* ExampleTests.swift */ = {isa = PBXFileReference; lastKnownFileType = sourcecode.swift; path = ExampleTests.swift; sourceTree = "<group>"; };
		56F6644E2085959A00EF773C /* Info.plist */ = {isa = PBXFileReference; lastKnownFileType = text.plist.xml; path = Info.plist; sourceTree = "<group>"; };
		56F6646F2085A62B00EF773C /* PreDownloadCell.swift */ = {isa = PBXFileReference; fileEncoding = 4; lastKnownFileType = sourcecode.swift; path = PreDownloadCell.swift; sourceTree = "<group>"; };
		F70F975C631F0619173C83A0 /* Pods-Example.release.xcconfig */ = {isa = PBXFileReference; includeInIndex = 1; lastKnownFileType = text.xcconfig; name = "Pods-Example.release.xcconfig"; path = "Pods/Target Support Files/Pods-Example/Pods-Example.release.xcconfig"; sourceTree = "<group>"; };
/* End PBXFileReference section */

/* Begin PBXFrameworksBuildPhase section */
		56F6642F2085959A00EF773C /* Frameworks */ = {
			isa = PBXFrameworksBuildPhase;
			buildActionMask = 2147483647;
			files = (
				88D64D7C8C340018BC772FBD /* Pods_Example.framework in Frameworks */,
			);
			runOnlyForDeploymentPostprocessing = 0;
		};
		56F664452085959A00EF773C /* Frameworks */ = {
			isa = PBXFrameworksBuildPhase;
			buildActionMask = 2147483647;
			files = (
			);
			runOnlyForDeploymentPostprocessing = 0;
		};
/* End PBXFrameworksBuildPhase section */

/* Begin PBXGroup section */
		0BD05C45D2B29DC0E4D4FF8C /* Pods */ = {
			isa = PBXGroup;
			children = (
				2236DF41A3BA856869D865AE /* Pods-Example.debug.xcconfig */,
				F70F975C631F0619173C83A0 /* Pods-Example.release.xcconfig */,
			);
			name = Pods;
			sourceTree = "<group>";
		};
		56040572208DDB680059E978 /* downloadManager */ = {
			isa = PBXGroup;
			children = (
				56E10460233100FB006C635C /* DownloadManagerVC.swift */,
				56040575208DDC6E0059E978 /* DownloadManagerCell.swift */,
			);
			path = downloadManager;
			sourceTree = "<group>";
		};
		56F664292085959A00EF773C = {
			isa = PBXGroup;
			children = (
				56F664342085959A00EF773C /* Example */,
				56F6644B2085959A00EF773C /* ExampleTests */,
				56F664332085959A00EF773C /* Products */,
				0BD05C45D2B29DC0E4D4FF8C /* Pods */,
				D21320D50042D2D2A7B741E4 /* Frameworks */,
			);
			sourceTree = "<group>";
		};
		56F664332085959A00EF773C /* Products */ = {
			isa = PBXGroup;
			children = (
				56F664322085959A00EF773C /* Example.app */,
				56F664482085959A00EF773C /* ExampleTests.xctest */,
			);
			name = Products;
			sourceTree = "<group>";
		};
		56F664342085959A00EF773C /* Example */ = {
			isa = PBXGroup;
			children = (
				56F664352085959A00EF773C /* AppDelegate.swift */,
				56F664372085959A00EF773C /* FirstViewController.swift */,
				56F6646C2085A62B00EF773C /* predownloadlist */,
				56040572208DDB680059E978 /* downloadManager */,
				56F6643B2085959A00EF773C /* Main.storyboard */,
				56F6643E2085959A00EF773C /* Assets.xcassets */,
				56F664402085959A00EF773C /* LaunchScreen.storyboard */,
				56F664432085959A00EF773C /* Info.plist */,
				569AC8DE2099A028007B9A04 /* Example-Bridging-Header.h */,
			);
			path = Example;
			sourceTree = "<group>";
		};
		56F6644B2085959A00EF773C /* ExampleTests */ = {
			isa = PBXGroup;
			children = (
				56F6644C2085959A00EF773C /* ExampleTests.swift */,
				56F6644E2085959A00EF773C /* Info.plist */,
			);
			path = ExampleTests;
			sourceTree = "<group>";
		};
		56F6646C2085A62B00EF773C /* predownloadlist */ = {
			isa = PBXGroup;
			children = (
				5643D86A2331E09D00484B47 /* PreDownloadListVC.swift */,
				56F6646F2085A62B00EF773C /* PreDownloadCell.swift */,
				56E1046223310235006C635C /* PreDownloadItem.swift */,
			);
			path = predownloadlist;
			sourceTree = "<group>";
		};
		D21320D50042D2D2A7B741E4 /* Frameworks */ = {
			isa = PBXGroup;
			children = (
				44B9B78A215BC8B1C4CD1233 /* Pods_Example.framework */,
			);
			name = Frameworks;
			sourceTree = "<group>";
		};
/* End PBXGroup section */

/* Begin PBXNativeTarget section */
		56F664312085959A00EF773C /* Example */ = {
			isa = PBXNativeTarget;
			buildConfigurationList = 56F664512085959A00EF773C /* Build configuration list for PBXNativeTarget "Example" */;
			buildPhases = (
				3EBA410765F2EF08660651F1 /* [CP] Check Pods Manifest.lock */,
				56F6642E2085959A00EF773C /* Sources */,
				56F6642F2085959A00EF773C /* Frameworks */,
				56F664302085959A00EF773C /* Resources */,
				0245986EF5995F3488D725C6 /* [CP] Embed Pods Frameworks */,
			);
			buildRules = (
			);
			dependencies = (
			);
			name = Example;
			productName = Example;
			productReference = 56F664322085959A00EF773C /* Example.app */;
			productType = "com.apple.product-type.application";
		};
		56F664472085959A00EF773C /* ExampleTests */ = {
			isa = PBXNativeTarget;
			buildConfigurationList = 56F664542085959A00EF773C /* Build configuration list for PBXNativeTarget "ExampleTests" */;
			buildPhases = (
				56F664442085959A00EF773C /* Sources */,
				56F664452085959A00EF773C /* Frameworks */,
				56F664462085959A00EF773C /* Resources */,
			);
			buildRules = (
			);
			dependencies = (
				56F6644A2085959A00EF773C /* PBXTargetDependency */,
			);
			name = ExampleTests;
			productName = ExampleTests;
			productReference = 56F664482085959A00EF773C /* ExampleTests.xctest */;
			productType = "com.apple.product-type.bundle.unit-test";
		};
/* End PBXNativeTarget section */

/* Begin PBXProject section */
		56F6642A2085959A00EF773C /* Project object */ = {
			isa = PBXProject;
			attributes = {
				LastSwiftUpdateCheck = 0920;
				LastUpgradeCheck = 0930;
				ORGANIZATIONNAME = kaochong;
				TargetAttributes = {
					56F664312085959A00EF773C = {
						CreatedOnToolsVersion = 9.2;
						LastSwiftMigration = 0920;
						ProvisioningStyle = Automatic;
					};
					56F664472085959A00EF773C = {
						CreatedOnToolsVersion = 9.2;
						ProvisioningStyle = Automatic;
						TestTargetID = 56F664312085959A00EF773C;
					};
				};
			};
			buildConfigurationList = 56F6642D2085959A00EF773C /* Build configuration list for PBXProject "Example" */;
			compatibilityVersion = "Xcode 8.0";
			developmentRegion = en;
			hasScannedForEncodings = 0;
			knownRegions = (
				en,
				Base,
			);
			mainGroup = 56F664292085959A00EF773C;
			productRefGroup = 56F664332085959A00EF773C /* Products */;
			projectDirPath = "";
			projectRoot = "";
			targets = (
				56F664312085959A00EF773C /* Example */,
				56F664472085959A00EF773C /* ExampleTests */,
			);
		};
/* End PBXProject section */

/* Begin PBXResourcesBuildPhase section */
		56F664302085959A00EF773C /* Resources */ = {
			isa = PBXResourcesBuildPhase;
			buildActionMask = 2147483647;
			files = (
				56F664422085959A00EF773C /* LaunchScreen.storyboard in Resources */,
				56F6643F2085959A00EF773C /* Assets.xcassets in Resources */,
				56F6643D2085959A00EF773C /* Main.storyboard in Resources */,
			);
			runOnlyForDeploymentPostprocessing = 0;
		};
		56F664462085959A00EF773C /* Resources */ = {
			isa = PBXResourcesBuildPhase;
			buildActionMask = 2147483647;
			files = (
			);
			runOnlyForDeploymentPostprocessing = 0;
		};
/* End PBXResourcesBuildPhase section */

/* Begin PBXShellScriptBuildPhase section */
		0245986EF5995F3488D725C6 /* [CP] Embed Pods Frameworks */ = {
			isa = PBXShellScriptBuildPhase;
			buildActionMask = 2147483647;
			files = (
			);
			inputPaths = (
				"${PODS_ROOT}/Target Support Files/Pods-Example/Pods-Example-frameworks.sh",
				"${BUILT_PRODUCTS_DIR}/ActiveSQLite/ActiveSQLite.framework",
				"${BUILT_PRODUCTS_DIR}/CocoaLumberjack/CocoaLumberjack.framework",
				"${BUILT_PRODUCTS_DIR}/CryptoSwift/CryptoSwift.framework",
				"${BUILT_PRODUCTS_DIR}/Reed/Reed.framework",
				"${BUILT_PRODUCTS_DIR}/SQLite.swift/SQLite.framework",
				"${BUILT_PRODUCTS_DIR}/ZKCommonCrypto/ZKCommonCrypto.framework",
			);
			name = "[CP] Embed Pods Frameworks";
			outputPaths = (
				"${TARGET_BUILD_DIR}/${FRAMEWORKS_FOLDER_PATH}/ActiveSQLite.framework",
				"${TARGET_BUILD_DIR}/${FRAMEWORKS_FOLDER_PATH}/CocoaLumberjack.framework",
				"${TARGET_BUILD_DIR}/${FRAMEWORKS_FOLDER_PATH}/CryptoSwift.framework",
				"${TARGET_BUILD_DIR}/${FRAMEWORKS_FOLDER_PATH}/Reed.framework",
				"${TARGET_BUILD_DIR}/${FRAMEWORKS_FOLDER_PATH}/SQLite.framework",
				"${TARGET_BUILD_DIR}/${FRAMEWORKS_FOLDER_PATH}/ZKCommonCrypto.framework",
			);
			runOnlyForDeploymentPostprocessing = 0;
			shellPath = /bin/sh;
			shellScript = "\"${PODS_ROOT}/Target Support Files/Pods-Example/Pods-Example-frameworks.sh\"\n";
			showEnvVarsInLog = 0;
		};
		3EBA410765F2EF08660651F1 /* [CP] Check Pods Manifest.lock */ = {
			isa = PBXShellScriptBuildPhase;
			buildActionMask = 2147483647;
			files = (
			);
			inputPaths = (
				"${PODS_PODFILE_DIR_PATH}/Podfile.lock",
				"${PODS_ROOT}/Manifest.lock",
			);
			name = "[CP] Check Pods Manifest.lock";
			outputPaths = (
				"$(DERIVED_FILE_DIR)/Pods-Example-checkManifestLockResult.txt",
			);
			runOnlyForDeploymentPostprocessing = 0;
			shellPath = /bin/sh;
			shellScript = "diff \"${PODS_PODFILE_DIR_PATH}/Podfile.lock\" \"${PODS_ROOT}/Manifest.lock\" > /dev/null\nif [ $? != 0 ] ; then\n    # print error to STDERR\n    echo \"error: The sandbox is not in sync with the Podfile.lock. Run 'pod install' or update your CocoaPods installation.\" >&2\n    exit 1\nfi\n# This output is used by Xcode 'outputs' to avoid re-running this script phase.\necho \"SUCCESS\" > \"${SCRIPT_OUTPUT_FILE_0}\"\n";
			showEnvVarsInLog = 0;
		};
/* End PBXShellScriptBuildPhase section */

/* Begin PBXSourcesBuildPhase section */
		56F6642E2085959A00EF773C /* Sources */ = {
			isa = PBXSourcesBuildPhase;
			buildActionMask = 2147483647;
			files = (
				56E1046323310235006C635C /* PreDownloadItem.swift in Sources */,
				56F664362085959A00EF773C /* AppDelegate.swift in Sources */,
				56040576208DDC6E0059E978 /* DownloadManagerCell.swift in Sources */,
				56E10461233100FB006C635C /* DownloadManagerVC.swift in Sources */,
				5643D86B2331E09D00484B47 /* PreDownloadListVC.swift in Sources */,
				56F664382085959A00EF773C /* FirstViewController.swift in Sources */,
				56F664722085A62C00EF773C /* PreDownloadCell.swift in Sources */,
			);
			runOnlyForDeploymentPostprocessing = 0;
		};
		56F664442085959A00EF773C /* Sources */ = {
			isa = PBXSourcesBuildPhase;
			buildActionMask = 2147483647;
			files = (
				56F6644D2085959A00EF773C /* ExampleTests.swift in Sources */,
			);
			runOnlyForDeploymentPostprocessing = 0;
		};
/* End PBXSourcesBuildPhase section */

/* Begin PBXTargetDependency section */
		56F6644A2085959A00EF773C /* PBXTargetDependency */ = {
			isa = PBXTargetDependency;
			target = 56F664312085959A00EF773C /* Example */;
			targetProxy = 56F664492085959A00EF773C /* PBXContainerItemProxy */;
		};
/* End PBXTargetDependency section */

/* Begin PBXVariantGroup section */
		56F6643B2085959A00EF773C /* Main.storyboard */ = {
			isa = PBXVariantGroup;
			children = (
				56F6643C2085959A00EF773C /* Base */,
			);
			name = Main.storyboard;
			sourceTree = "<group>";
		};
		56F664402085959A00EF773C /* LaunchScreen.storyboard */ = {
			isa = PBXVariantGroup;
			children = (
				56F664412085959A00EF773C /* Base */,
			);
			name = LaunchScreen.storyboard;
			sourceTree = "<group>";
		};
/* End PBXVariantGroup section */

/* Begin XCBuildConfiguration section */
		56F6644F2085959A00EF773C /* Debug */ = {
			isa = XCBuildConfiguration;
			buildSettings = {
				ALWAYS_SEARCH_USER_PATHS = NO;
				CLANG_ANALYZER_NONNULL = YES;
				CLANG_ANALYZER_NUMBER_OBJECT_CONVERSION = YES_AGGRESSIVE;
				CLANG_CXX_LANGUAGE_STANDARD = "gnu++14";
				CLANG_CXX_LIBRARY = "libc++";
				CLANG_ENABLE_MODULES = YES;
				CLANG_ENABLE_OBJC_ARC = YES;
				CLANG_WARN_BLOCK_CAPTURE_AUTORELEASING = YES;
				CLANG_WARN_BOOL_CONVERSION = YES;
				CLANG_WARN_COMMA = YES;
				CLANG_WARN_CONSTANT_CONVERSION = YES;
				CLANG_WARN_DEPRECATED_OBJC_IMPLEMENTATIONS = YES;
				CLANG_WARN_DIRECT_OBJC_ISA_USAGE = YES_ERROR;
				CLANG_WARN_DOCUMENTATION_COMMENTS = YES;
				CLANG_WARN_EMPTY_BODY = YES;
				CLANG_WARN_ENUM_CONVERSION = YES;
				CLANG_WARN_INFINITE_RECURSION = YES;
				CLANG_WARN_INT_CONVERSION = YES;
				CLANG_WARN_NON_LITERAL_NULL_CONVERSION = YES;
				CLANG_WARN_OBJC_IMPLICIT_RETAIN_SELF = YES;
				CLANG_WARN_OBJC_LITERAL_CONVERSION = YES;
				CLANG_WARN_OBJC_ROOT_CLASS = YES_ERROR;
				CLANG_WARN_RANGE_LOOP_ANALYSIS = YES;
				CLANG_WARN_STRICT_PROTOTYPES = YES;
				CLANG_WARN_SUSPICIOUS_MOVE = YES;
				CLANG_WARN_UNGUARDED_AVAILABILITY = YES_AGGRESSIVE;
				CLANG_WARN_UNREACHABLE_CODE = YES;
				CLANG_WARN__DUPLICATE_METHOD_MATCH = YES;
				CODE_SIGN_IDENTITY = "iPhone Developer";
				COPY_PHASE_STRIP = NO;
				DEBUG_INFORMATION_FORMAT = dwarf;
				ENABLE_STRICT_OBJC_MSGSEND = YES;
				ENABLE_TESTABILITY = YES;
				GCC_C_LANGUAGE_STANDARD = gnu11;
				GCC_DYNAMIC_NO_PIC = NO;
				GCC_NO_COMMON_BLOCKS = YES;
				GCC_OPTIMIZATION_LEVEL = 0;
				GCC_PREPROCESSOR_DEFINITIONS = (
					"DEBUG=1",
					"$(inherited)",
				);
				GCC_WARN_64_TO_32_BIT_CONVERSION = YES;
				GCC_WARN_ABOUT_RETURN_TYPE = YES_ERROR;
				GCC_WARN_UNDECLARED_SELECTOR = YES;
				GCC_WARN_UNINITIALIZED_AUTOS = YES_AGGRESSIVE;
				GCC_WARN_UNUSED_FUNCTION = YES;
				GCC_WARN_UNUSED_VARIABLE = YES;
				IPHONEOS_DEPLOYMENT_TARGET = 9.0;
				MTL_ENABLE_DEBUG_INFO = YES;
				ONLY_ACTIVE_ARCH = YES;
				SDKROOT = iphoneos;
				SWIFT_ACTIVE_COMPILATION_CONDITIONS = DEBUG;
				SWIFT_OPTIMIZATION_LEVEL = "-Onone";
			};
			name = Debug;
		};
		56F664502085959A00EF773C /* Release */ = {
			isa = XCBuildConfiguration;
			buildSettings = {
				ALWAYS_SEARCH_USER_PATHS = NO;
				CLANG_ANALYZER_NONNULL = YES;
				CLANG_ANALYZER_NUMBER_OBJECT_CONVERSION = YES_AGGRESSIVE;
				CLANG_CXX_LANGUAGE_STANDARD = "gnu++14";
				CLANG_CXX_LIBRARY = "libc++";
				CLANG_ENABLE_MODULES = YES;
				CLANG_ENABLE_OBJC_ARC = YES;
				CLANG_WARN_BLOCK_CAPTURE_AUTORELEASING = YES;
				CLANG_WARN_BOOL_CONVERSION = YES;
				CLANG_WARN_COMMA = YES;
				CLANG_WARN_CONSTANT_CONVERSION = YES;
				CLANG_WARN_DEPRECATED_OBJC_IMPLEMENTATIONS = YES;
				CLANG_WARN_DIRECT_OBJC_ISA_USAGE = YES_ERROR;
				CLANG_WARN_DOCUMENTATION_COMMENTS = YES;
				CLANG_WARN_EMPTY_BODY = YES;
				CLANG_WARN_ENUM_CONVERSION = YES;
				CLANG_WARN_INFINITE_RECURSION = YES;
				CLANG_WARN_INT_CONVERSION = YES;
				CLANG_WARN_NON_LITERAL_NULL_CONVERSION = YES;
				CLANG_WARN_OBJC_IMPLICIT_RETAIN_SELF = YES;
				CLANG_WARN_OBJC_LITERAL_CONVERSION = YES;
				CLANG_WARN_OBJC_ROOT_CLASS = YES_ERROR;
				CLANG_WARN_RANGE_LOOP_ANALYSIS = YES;
				CLANG_WARN_STRICT_PROTOTYPES = YES;
				CLANG_WARN_SUSPICIOUS_MOVE = YES;
				CLANG_WARN_UNGUARDED_AVAILABILITY = YES_AGGRESSIVE;
				CLANG_WARN_UNREACHABLE_CODE = YES;
				CLANG_WARN__DUPLICATE_METHOD_MATCH = YES;
				CODE_SIGN_IDENTITY = "iPhone Developer";
				COPY_PHASE_STRIP = NO;
				DEBUG_INFORMATION_FORMAT = "dwarf-with-dsym";
				ENABLE_NS_ASSERTIONS = NO;
				ENABLE_STRICT_OBJC_MSGSEND = YES;
				GCC_C_LANGUAGE_STANDARD = gnu11;
				GCC_NO_COMMON_BLOCKS = YES;
				GCC_WARN_64_TO_32_BIT_CONVERSION = YES;
				GCC_WARN_ABOUT_RETURN_TYPE = YES_ERROR;
				GCC_WARN_UNDECLARED_SELECTOR = YES;
				GCC_WARN_UNINITIALIZED_AUTOS = YES_AGGRESSIVE;
				GCC_WARN_UNUSED_FUNCTION = YES;
				GCC_WARN_UNUSED_VARIABLE = YES;
				IPHONEOS_DEPLOYMENT_TARGET = 9.0;
				MTL_ENABLE_DEBUG_INFO = NO;
				SDKROOT = iphoneos;
				SWIFT_OPTIMIZATION_LEVEL = "-Owholemodule";
				VALIDATE_PRODUCT = YES;
			};
			name = Release;
		};
		56F664522085959A00EF773C /* Debug */ = {
			isa = XCBuildConfiguration;
			baseConfigurationReference = 2236DF41A3BA856869D865AE /* Pods-Example.debug.xcconfig */;
			buildSettings = {
				ASSETCATALOG_COMPILER_APPICON_NAME = AppIcon;
				CLANG_ENABLE_MODULES = YES;
				CODE_SIGN_IDENTITY = "iPhone Developer";
				"CODE_SIGN_IDENTITY[sdk=iphoneos*]" = "iPhone Developer";
				CODE_SIGN_STYLE = Automatic;
				DEVELOPMENT_TEAM = 3NV79J62JR;
				INFOPLIST_FILE = Example/Info.plist;
				IPHONEOS_DEPLOYMENT_TARGET = 9.0;
				LD_RUNPATH_SEARCH_PATHS = "$(inherited) @executable_path/Frameworks";
				PRODUCT_BUNDLE_IDENTIFIER = com.yeshereigns.Reed.Example;
				PRODUCT_NAME = "$(TARGET_NAME)";
				PROVISIONING_PROFILE = "";
				PROVISIONING_PROFILE_SPECIFIER = "";
				SWIFT_OBJC_BRIDGING_HEADER = "Example/Example-Bridging-Header.h";
				SWIFT_OPTIMIZATION_LEVEL = "-Onone";
				SWIFT_VERSION = 5.0;
				TARGETED_DEVICE_FAMILY = "1,2";
			};
			name = Debug;
		};
		56F664532085959A00EF773C /* Release */ = {
			isa = XCBuildConfiguration;
			baseConfigurationReference = F70F975C631F0619173C83A0 /* Pods-Example.release.xcconfig */;
			buildSettings = {
				ASSETCATALOG_COMPILER_APPICON_NAME = AppIcon;
				CLANG_ENABLE_MODULES = YES;
				CODE_SIGN_IDENTITY = "iPhone Developer";
				"CODE_SIGN_IDENTITY[sdk=iphoneos*]" = "iPhone Developer";
				CODE_SIGN_STYLE = Automatic;
				DEVELOPMENT_TEAM = 3NV79J62JR;
				INFOPLIST_FILE = Example/Info.plist;
				IPHONEOS_DEPLOYMENT_TARGET = 9.0;
				LD_RUNPATH_SEARCH_PATHS = "$(inherited) @executable_path/Frameworks";
				PRODUCT_BUNDLE_IDENTIFIER = com.yeshereigns.Reed.Example;
				PRODUCT_NAME = "$(TARGET_NAME)";
				PROVISIONING_PROFILE = "";
				PROVISIONING_PROFILE_SPECIFIER = "";
				SWIFT_OBJC_BRIDGING_HEADER = "Example/Example-Bridging-Header.h";
				SWIFT_VERSION = 5.0;
				TARGETED_DEVICE_FAMILY = "1,2";
			};
			name = Release;
		};
		56F664552085959A00EF773C /* Debug */ = {
			isa = XCBuildConfiguration;
			buildSettings = {
				ALWAYS_EMBED_SWIFT_STANDARD_LIBRARIES = YES;
				BUNDLE_LOADER = "$(TEST_HOST)";
				CODE_SIGN_STYLE = Automatic;
				DEVELOPMENT_TEAM = 3NV79J62JR;
				INFOPLIST_FILE = ExampleTests/Info.plist;
				LD_RUNPATH_SEARCH_PATHS = "$(inherited) @executable_path/Frameworks @loader_path/Frameworks";
				PRODUCT_BUNDLE_IDENTIFIER = com.kaochong.ios.ExampleTests;
				PRODUCT_NAME = "$(TARGET_NAME)";
				SWIFT_VERSION = 5.0;
				TARGETED_DEVICE_FAMILY = "1,2";
				TEST_HOST = "$(BUILT_PRODUCTS_DIR)/Example.app/Example";
			};
			name = Debug;
		};
		56F664562085959A00EF773C /* Release */ = {
			isa = XCBuildConfiguration;
			buildSettings = {
				ALWAYS_EMBED_SWIFT_STANDARD_LIBRARIES = YES;
				BUNDLE_LOADER = "$(TEST_HOST)";
				CODE_SIGN_STYLE = Automatic;
				DEVELOPMENT_TEAM = 3NV79J62JR;
				INFOPLIST_FILE = ExampleTests/Info.plist;
				LD_RUNPATH_SEARCH_PATHS = "$(inherited) @executable_path/Frameworks @loader_path/Frameworks";
				PRODUCT_BUNDLE_IDENTIFIER = com.kaochong.ios.ExampleTests;
				PRODUCT_NAME = "$(TARGET_NAME)";
				SWIFT_VERSION = 5.0;
				TARGETED_DEVICE_FAMILY = "1,2";
				TEST_HOST = "$(BUILT_PRODUCTS_DIR)/Example.app/Example";
			};
			name = Release;
		};
/* End XCBuildConfiguration section */

/* Begin XCConfigurationList section */
		56F6642D2085959A00EF773C /* Build configuration list for PBXProject "Example" */ = {
			isa = XCConfigurationList;
			buildConfigurations = (
				56F6644F2085959A00EF773C /* Debug */,
				56F664502085959A00EF773C /* Release */,
			);
			defaultConfigurationIsVisible = 0;
			defaultConfigurationName = Release;
		};
		56F664512085959A00EF773C /* Build configuration list for PBXNativeTarget "Example" */ = {
			isa = XCConfigurationList;
			buildConfigurations = (
				56F664522085959A00EF773C /* Debug */,
				56F664532085959A00EF773C /* Release */,
			);
			defaultConfigurationIsVisible = 0;
			defaultConfigurationName = Release;
		};
		56F664542085959A00EF773C /* Build configuration list for PBXNativeTarget "ExampleTests" */ = {
			isa = XCConfigurationList;
			buildConfigurations = (
				56F664552085959A00EF773C /* Debug */,
				56F664562085959A00EF773C /* Release */,
			);
			defaultConfigurationIsVisible = 0;
			defaultConfigurationName = Release;
		};
/* End XCConfigurationList section */
	};
	rootObject = 56F6642A2085959A00EF773C /* Project object */;
}
